
Microsoft Visual Studio Solution File, Format Version 12.00
# Visual Studio Version 17
VisualStudioVersion = 17.14.36511.14 d17.14
MinimumVisualStudioVersion = 10.0.40219.1
Project("{FAE04EC0-301F-11D3-BF4B-00C04F79EFBC}") = "MineSweeperMaster", "MineSweeperMaster\MineSweeperMaster.csproj", "{6061ACD1-59BF-4A85-8801-B9C7E4169710}"
EndProject
Global
	GlobalSection(SolutionConfigurationPlatforms) = preSolution
		Debug|Any CPU = Debug|Any CPU
		Release|Any CPU = Release|Any CPU
	EndGlobalSection
	GlobalSection(ProjectConfigurationPlatforms) = postSolution
		{6061ACD1-59BF-4A85-8801-B9C7E4169710}.Debug|Any CPU.ActiveCfg = Debug|Any CPU
		{6061ACD1-59BF-4A85-8801-B9C7E4169710}.Debug|Any CPU.Build.0 = Debug|Any CPU
		{6061ACD1-59BF-4A85-8801-B9C7E4169710}.Release|Any CPU.ActiveCfg = Release|Any CPU
		{6061ACD1-59BF-4A85-8801-B9C7E4169710}.Release|Any CPU.Build.0 = Release|Any CPU
	EndGlobalSection
	GlobalSection(SolutionProperties) = preSolution
		HideSolutionNode = FALSE
	EndGlobalSection
	GlobalSection(ExtensibilityGlobals) = postSolution
		SolutionGuid = {E246C218-4E70-42A6-BDD9-F1F709B5E226}
	EndGlobalSection
EndGlobal
